
Microsoft Visual Studio Solution File, Format Version 12.00
# Blend for Visual Studio 14
VisualStudioVersion = 14.0.23107.0
MinimumVisualStudioVersion = 10.0.40219.1
Project("{FAE04EC0-301F-11D3-BF4B-00C04F79EFBC}") = "WpfApplication2", "WpfApplication2\WpfApplication2.csproj", "{46BE54D6-C720-4756-9DE9-8B5975FA62FC}"
EndProject
Global
	GlobalSection(SolutionConfigurationPlatforms) = preSolution
		Debug|Any CPU = Debug|Any CPU
		Release|Any CPU = Release|Any CPU
	EndGlobalSection
	GlobalSection(ProjectConfigurationPlatforms) = postSolution
		{46BE54D6-C720-4756-9DE9-8B5975FA62FC}.Debug|Any CPU.ActiveCfg = Debug|Any CPU
		{46BE54D6-C720-4756-9DE9-8B5975FA62FC}.Debug|Any CPU.Build.0 = Debug|Any CPU
		{46BE54D6-C720-4756-9DE9-8B5975FA62FC}.Release|Any CPU.ActiveCfg = Release|Any CPU
		{46BE54D6-C720-4756-9DE9-8B5975FA62FC}.Release|Any CPU.Build.0 = Release|Any CPU
	EndGlobalSection
	GlobalSection(SolutionProperties) = preSolution
		HideSolutionNode = FALSE
	EndGlobalSection
EndGlobal
